
Microsoft Visual Studio Solution File, Format Version 12.00
# Visual Studio Version 17
VisualStudioVersion = 17.5.33530.505
MinimumVisualStudioVersion = 10.0.40219.1
Project("{9A19103F-16F7-4668-BE54-9A1E7A4F7556}") = "Kanini Tourism", "Kanini Tourism\Kanini Tourism.csproj", "{DD39F758-CA81-4A9B-8579-DF112D704337}"
EndProject
Project("{FAE04EC0-301F-11D3-BF4B-00C04F79EFBC}") = "Tourism", "Tourism\Tourism.csproj", "{1FB3F838-C3EF-490B-971D-37B00B9C4102}"
EndProject
Global
	GlobalSection(SolutionConfigurationPlatforms) = preSolution
		Debug|Any CPU = Debug|Any CPU
		Release|Any CPU = Release|Any CPU
	EndGlobalSection
	GlobalSection(ProjectConfigurationPlatforms) = postSolution
		{DD39F758-CA81-4A9B-8579-DF112D704337}.Debug|Any CPU.ActiveCfg = Debug|Any CPU
		{DD39F758-CA81-4A9B-8579-DF112D704337}.Debug|Any CPU.Build.0 = Debug|Any CPU
		{DD39F758-CA81-4A9B-8579-DF112D704337}.Release|Any CPU.ActiveCfg = Release|Any CPU
		{DD39F758-CA81-4A9B-8579-DF112D704337}.Release|Any CPU.Build.0 = Release|Any CPU
		{1FB3F838-C3EF-490B-971D-37B00B9C4102}.Debug|Any CPU.ActiveCfg = Debug|Any CPU
		{1FB3F838-C3EF-490B-971D-37B00B9C4102}.Debug|Any CPU.Build.0 = Debug|Any CPU
		{1FB3F838-C3EF-490B-971D-37B00B9C4102}.Release|Any CPU.ActiveCfg = Release|Any CPU
		{1FB3F838-C3EF-490B-971D-37B00B9C4102}.Release|Any CPU.Build.0 = Release|Any CPU
	EndGlobalSection
	GlobalSection(SolutionProperties) = preSolution
		HideSolutionNode = FALSE
	EndGlobalSection
	GlobalSection(ExtensibilityGlobals) = postSolution
		SolutionGuid = {0A759E33-8336-442E-9756-9DC6601376F4}
	EndGlobalSection
EndGlobal
